// !$*UTF8*$!
{
	archiveVersion = 1;
	classes = {
	};
	objectVersion = 56;
	objects = {

/* Begin PBXBuildFile section */
		40B00ACB2ACC9E51001FF3E3 /* AppDelegate.swift in Sources */ = {isa = PBXBuildFile; fileRef = 40B00ACA2ACC9E51001FF3E3 /* AppDelegate.swift */; };
		40B00ACD2ACC9E51001FF3E3 /* SceneDelegate.swift in Sources */ = {isa = PBXBuildFile; fileRef = 40B00ACC2ACC9E51001FF3E3 /* SceneDelegate.swift */; };
		40B00ACF2ACC9E51001FF3E3 /* ViewController.swift in Sources */ = {isa = PBXBuildFile; fileRef = 40B00ACE2ACC9E51001FF3E3 /* ViewController.swift */; };
		40B00AD22ACC9E51001FF3E3 /* Main.storyboard in Resources */ = {isa = PBXBuildFile; fileRef = 40B00AD02ACC9E51001FF3E3 /* Main.storyboard */; };
		40B00AD42ACC9E52001FF3E3 /* Assets.xcassets in Resources */ = {isa = PBXBuildFile; fileRef = 40B00AD32ACC9E52001FF3E3 /* Assets.xcassets */; };
		40B00AD72ACC9E52001FF3E3 /* LaunchScreen.storyboard in Resources */ = {isa = PBXBuildFile; fileRef = 40B00AD52ACC9E52001FF3E3 /* LaunchScreen.storyboard */; };
		40B00AE22ACC9E52001FF3E3 /* imkosulnikovaPW1Tests.swift in Sources */ = {isa = PBXBuildFile; fileRef = 40B00AE12ACC9E52001FF3E3 /* imkosulnikovaPW1Tests.swift */; };
		40B00AEC2ACC9E52001FF3E3 /* imkosulnikovaPW1UITests.swift in Sources */ = {isa = PBXBuildFile; fileRef = 40B00AEB2ACC9E52001FF3E3 /* imkosulnikovaPW1UITests.swift */; };
		40B00AEE2ACC9E52001FF3E3 /* imkosulnikovaPW1UITestsLaunchTests.swift in Sources */ = {isa = PBXBuildFile; fileRef = 40B00AED2ACC9E52001FF3E3 /* imkosulnikovaPW1UITestsLaunchTests.swift */; };
/* End PBXBuildFile section */

/* Begin PBXContainerItemProxy section */
		40B00ADE2ACC9E52001FF3E3 /* PBXContainerItemProxy */ = {
			isa = PBXContainerItemProxy;
			containerPortal = 40B00ABF2ACC9E51001FF3E3 /* Project object */;
			proxyType = 1;
			remoteGlobalIDString = 40B00AC62ACC9E51001FF3E3;
			remoteInfo = imkosulnikovaPW1;
		};
		40B00AE82ACC9E52001FF3E3 /* PBXContainerItemProxy */ = {
			isa = PBXContainerItemProxy;
			containerPortal = 40B00ABF2ACC9E51001FF3E3 /* Project object */;
			proxyType = 1;
			remoteGlobalIDString = 40B00AC62ACC9E51001FF3E3;
			remoteInfo = imkosulnikovaPW1;
		};
/* End PBXContainerItemProxy section */

/* Begin PBXFileReference section */
		40B00AC72ACC9E51001FF3E3 /* imkosulnikovaPW1.app */ = {isa = PBXFileReference; explicitFileType = wrapper.application; includeInIndex = 0; path = imkosulnikovaPW1.app; sourceTree = BUILT_PRODUCTS_DIR; };
		40B00ACA2ACC9E51001FF3E3 /* AppDelegate.swift */ = {isa = PBXFileReference; lastKnownFileType = sourcecode.swift; path = AppDelegate.swift; sourceTree = "<group>"; };
		40B00ACC2ACC9E51001FF3E3 /* SceneDelegate.swift */ = {isa = PBXFileReference; lastKnownFileType = sourcecode.swift; path = SceneDelegate.swift; sourceTree = "<group>"; };
		40B00ACE2ACC9E51001FF3E3 /* ViewController.swift */ = {isa = PBXFileReference; lastKnownFileType = sourcecode.swift; path = ViewController.swift; sourceTree = "<group>"; };
		40B00AD12ACC9E51001FF3E3 /* Base */ = {isa = PBXFileReference; lastKnownFileType = file.storyboard; name = Base; path = Base.lproj/Main.storyboard; sourceTree = "<group>"; };
		40B00AD32ACC9E52001FF3E3 /* Assets.xcassets */ = {isa = PBXFileReference; lastKnownFileType = folder.assetcatalog; path = Assets.xcassets; sourceTree = "<group>"; };
		40B00AD62ACC9E52001FF3E3 /* Base */ = {isa = PBXFileReference; lastKnownFileType = file.storyboard; name = Base; path = Base.lproj/LaunchScreen.storyboard; sourceTree = "<group>"; };
		40B00AD82ACC9E52001FF3E3 /* Info.plist */ = {isa = PBXFileReference; lastKnownFileType = text.plist.xml; path = Info.plist; sourceTree = "<group>"; };
		40B00ADD2ACC9E52001FF3E3 /* imkosulnikovaPW1Tests.xctest */ = {isa = PBXFileReference; explicitFileType = wrapper.cfbundle; includeInIndex = 0; path = imkosulnikovaPW1Tests.xctest; sourceTree = BUILT_PRODUCTS_DIR; };
		40B00AE12ACC9E52001FF3E3 /* imkosulnikovaPW1Tests.swift */ = {isa = PBXFileReference; lastKnownFileType = sourcecode.swift; path = imkosulnikovaPW1Tests.swift; sourceTree = "<group>"; };
		40B00AE72ACC9E52001FF3E3 /* imkosulnikovaPW1UITests.xctest */ = {isa = PBXFileReference; explicitFileType = wrapper.cfbundle; includeInIndex = 0; path = imkosulnikovaPW1UITests.xctest; sourceTree = BUILT_PRODUCTS_DIR; };
		40B00AEB2ACC9E52001FF3E3 /* imkosulnikovaPW1UITests.swift */ = {isa = PBXFileReference; lastKnownFileType = sourcecode.swift; path = imkosulnikovaPW1UITests.swift; sourceTree = "<group>"; };
		40B00AED2ACC9E52001FF3E3 /* imkosulnikovaPW1UITestsLaunchTests.swift */ = {isa = PBXFileReference; lastKnownFileType = sourcecode.swift; path = imkosulnikovaPW1UITestsLaunchTests.swift; sourceTree = "<group>"; };
/* End PBXFileReference section */

/* Begin PBXFrameworksBuildPhase section */
		40B00AC42ACC9E51001FF3E3 /* Frameworks */ = {
			isa = PBXFrameworksBuildPhase;
			buildActionMask = 2147483647;
			files = (
			);
			runOnlyForDeploymentPostprocessing = 0;
		};
		40B00ADA2ACC9E52001FF3E3 /* Frameworks */ = {
			isa = PBXFrameworksBuildPhase;
			buildActionMask = 2147483647;
			files = (
			);
			runOnlyForDeploymentPostprocessing = 0;
		};
		40B00AE42ACC9E52001FF3E3 /* Frameworks */ = {
			isa = PBXFrameworksBuildPhase;
			buildActionMask = 2147483647;
			files = (
			);
			runOnlyForDeploymentPostprocessing = 0;
		};
/* End PBXFrameworksBuildPhase section */

/* Begin PBXGroup section */
		40B00ABE2ACC9E51001FF3E3 = {
			isa = PBXGroup;
			children = (
				40B00AC92ACC9E51001FF3E3 /* imkosulnikovaPW1 */,
				40B00AE02ACC9E52001FF3E3 /* imkosulnikovaPW1Tests */,
				40B00AEA2ACC9E52001FF3E3 /* imkosulnikovaPW1UITests */,
				40B00AC82ACC9E51001FF3E3 /* Products */,
			);
			sourceTree = "<group>";
		};
		40B00AC82ACC9E51001FF3E3 /* Products */ = {
			isa = PBXGroup;
			children = (
				40B00AC72ACC9E51001FF3E3 /* imkosulnikovaPW1.app */,
				40B00ADD2ACC9E52001FF3E3 /* imkosulnikovaPW1Tests.xctest */,
				40B00AE72ACC9E52001FF3E3 /* imkosulnikovaPW1UITests.xctest */,
			);
			name = Products;
			sourceTree = "<group>";
		};
		40B00AC92ACC9E51001FF3E3 /* imkosulnikovaPW1 */ = {
			isa = PBXGroup;
			children = (
				40B00ACA2ACC9E51001FF3E3 /* AppDelegate.swift */,
				40B00ACC2ACC9E51001FF3E3 /* SceneDelegate.swift */,
				40B00ACE2ACC9E51001FF3E3 /* ViewController.swift */,
				40B00AD02ACC9E51001FF3E3 /* Main.storyboard */,
				40B00AD32ACC9E52001FF3E3 /* Assets.xcassets */,
				40B00AD52ACC9E52001FF3E3 /* LaunchScreen.storyboard */,
				40B00AD82ACC9E52001FF3E3 /* Info.plist */,
			);
			path = imkosulnikovaPW1;
			sourceTree = "<group>";
		};
		40B00AE02ACC9E52001FF3E3 /* imkosulnikovaPW1Tests */ = {
			isa = PBXGroup;
			children = (
				40B00AE12ACC9E52001FF3E3 /* imkosulnikovaPW1Tests.swift */,
			);
			path = imkosulnikovaPW1Tests;
			sourceTree = "<group>";
		};
		40B00AEA2ACC9E52001FF3E3 /* imkosulnikovaPW1UITests */ = {
			isa = PBXGroup;
			children = (
				40B00AEB2ACC9E52001FF3E3 /* imkosulnikovaPW1UITests.swift */,
				40B00AED2ACC9E52001FF3E3 /* imkosulnikovaPW1UITestsLaunchTests.swift */,
			);
			path = imkosulnikovaPW1UITests;
			sourceTree = "<group>";
		};
/* End PBXGroup section */

/* Begin PBXNativeTarget section */
		40B00AC62ACC9E51001FF3E3 /* imkosulnikovaPW1 */ = {
			isa = PBXNativeTarget;
			buildConfigurationList = 40B00AF12ACC9E52001FF3E3 /* Build configuration list for PBXNativeTarget "imkosulnikovaPW1" */;
			buildPhases = (
				40B00AC32ACC9E51001FF3E3 /* Sources */,
				40B00AC42ACC9E51001FF3E3 /* Frameworks */,
				40B00AC52ACC9E51001FF3E3 /* Resources */,
			);
			buildRules = (
			);
			dependencies = (
			);
			name = imkosulnikovaPW1;
			productName = imkosulnikovaPW1;
			productReference = 40B00AC72ACC9E51001FF3E3 /* imkosulnikovaPW1.app */;
			productType = "com.apple.product-type.application";
		};
		40B00ADC2ACC9E52001FF3E3 /* imkosulnikovaPW1Tests */ = {
			isa = PBXNativeTarget;
			buildConfigurationList = 40B00AF42ACC9E52001FF3E3 /* Build configuration list for PBXNativeTarget "imkosulnikovaPW1Tests" */;
			buildPhases = (
				40B00AD92ACC9E52001FF3E3 /* Sources */,
				40B00ADA2ACC9E52001FF3E3 /* Frameworks */,
				40B00ADB2ACC9E52001FF3E3 /* Resources */,
			);
			buildRules = (
			);
			dependencies = (
				40B00ADF2ACC9E52001FF3E3 /* PBXTargetDependency */,
			);
			name = imkosulnikovaPW1Tests;
			productName = imkosulnikovaPW1Tests;
			productReference = 40B00ADD2ACC9E52001FF3E3 /* imkosulnikovaPW1Tests.xctest */;
			productType = "com.apple.product-type.bundle.unit-test";
		};
		40B00AE62ACC9E52001FF3E3 /* imkosulnikovaPW1UITests */ = {
			isa = PBXNativeTarget;
			buildConfigurationList = 40B00AF72ACC9E52001FF3E3 /* Build configuration list for PBXNativeTarget "imkosulnikovaPW1UITests" */;
			buildPhases = (
				40B00AE32ACC9E52001FF3E3 /* Sources */,
				40B00AE42ACC9E52001FF3E3 /* Frameworks */,
				40B00AE52ACC9E52001FF3E3 /* Resources */,
			);
			buildRules = (
			);
			dependencies = (
				40B00AE92ACC9E52001FF3E3 /* PBXTargetDependency */,
			);
			name = imkosulnikovaPW1UITests;
			productName = imkosulnikovaPW1UITests;
			productReference = 40B00AE72ACC9E52001FF3E3 /* imkosulnikovaPW1UITests.xctest */;
			productType = "com.apple.product-type.bundle.ui-testing";
		};
/* End PBXNativeTarget section */

/* Begin PBXProject section */
		40B00ABF2ACC9E51001FF3E3 /* Project object */ = {
			isa = PBXProject;
			attributes = {
				BuildIndependentTargetsInParallel = 1;
				LastSwiftUpdateCheck = 1500;
				LastUpgradeCheck = 1500;
				TargetAttributes = {
					40B00AC62ACC9E51001FF3E3 = {
						CreatedOnToolsVersion = 15.0;
					};
					40B00ADC2ACC9E52001FF3E3 = {
						CreatedOnToolsVersion = 15.0;
						TestTargetID = 40B00AC62ACC9E51001FF3E3;
					};
					40B00AE62ACC9E52001FF3E3 = {
						CreatedOnToolsVersion = 15.0;
						TestTargetID = 40B00AC62ACC9E51001FF3E3;
					};
				};
			};
			buildConfigurationList = 40B00AC22ACC9E51001FF3E3 /* Build configuration list for PBXProject "imkosulnikovaPW1" */;
			compatibilityVersion = "Xcode 14.0";
			developmentRegion = en;
			hasScannedForEncodings = 0;
			knownRegions = (
				en,
				Base,
			);
			mainGroup = 40B00ABE2ACC9E51001FF3E3;
			productRefGroup = 40B00AC82ACC9E51001FF3E3 /* Products */;
			projectDirPath = "";
			projectRoot = "";
			targets = (
				40B00AC62ACC9E51001FF3E3 /* imkosulnikovaPW1 */,
				40B00ADC2ACC9E52001FF3E3 /* imkosulnikovaPW1Tests */,
				40B00AE62ACC9E52001FF3E3 /* imkosulnikovaPW1UITests */,
			);
		};
/* End PBXProject section */

/* Begin PBXResourcesBuildPhase section */
		40B00AC52ACC9E51001FF3E3 /* Resources */ = {
			isa = PBXResourcesBuildPhase;
			buildActionMask = 2147483647;
			files = (
				40B00AD72ACC9E52001FF3E3 /* LaunchScreen.storyboard in Resources */,
				40B00AD42ACC9E52001FF3E3 /* Assets.xcassets in Resources */,
				40B00AD22ACC9E51001FF3E3 /* Main.storyboard in Resources */,
			);
			runOnlyForDeploymentPostprocessing = 0;
		};
		40B00ADB2ACC9E52001FF3E3 /* Resources */ = {
			isa = PBXResourcesBuildPhase;
			buildActionMask = 2147483647;
			files = (
			);
			runOnlyForDeploymentPostprocessing = 0;
		};
		40B00AE52ACC9E52001FF3E3 /* Resources */ = {
			isa = PBXResourcesBuildPhase;
			buildActionMask = 2147483647;
			files = (
			);
			runOnlyForDeploymentPostprocessing = 0;
		};
/* End PBXResourcesBuildPhase section */

/* Begin PBXSourcesBuildPhase section */
		40B00AC32ACC9E51001FF3E3 /* Sources */ = {
			isa = PBXSourcesBuildPhase;
			buildActionMask = 2147483647;
			files = (
				40B00ACF2ACC9E51001FF3E3 /* ViewController.swift in Sources */,
				40B00ACB2ACC9E51001FF3E3 /* AppDelegate.swift in Sources */,
				40B00ACD2ACC9E51001FF3E3 /* SceneDelegate.swift in Sources */,
			);
			runOnlyForDeploymentPostprocessing = 0;
		};
		40B00AD92ACC9E52001FF3E3 /* Sources */ = {
			isa = PBXSourcesBuildPhase;
			buildActionMask = 2147483647;
			files = (
				40B00AE22ACC9E52001FF3E3 /* imkosulnikovaPW1Tests.swift in Sources */,
			);
			runOnlyForDeploymentPostprocessing = 0;
		};
		40B00AE32ACC9E52001FF3E3 /* Sources */ = {
			isa = PBXSourcesBuildPhase;
			buildActionMask = 2147483647;
			files = (
				40B00AEE2ACC9E52001FF3E3 /* imkosulnikovaPW1UITestsLaunchTests.swift in Sources */,
				40B00AEC2ACC9E52001FF3E3 /* imkosulnikovaPW1UITests.swift in Sources */,
			);
			runOnlyForDeploymentPostprocessing = 0;
		};
/* End PBXSourcesBuildPhase section */

/* Begin PBXTargetDependency section */
		40B00ADF2ACC9E52001FF3E3 /* PBXTargetDependency */ = {
			isa = PBXTargetDependency;
			target = 40B00AC62ACC9E51001FF3E3 /* imkosulnikovaPW1 */;
			targetProxy = 40B00ADE2ACC9E52001FF3E3 /* PBXContainerItemProxy */;
		};
		40B00AE92ACC9E52001FF3E3 /* PBXTargetDependency */ = {
			isa = PBXTargetDependency;
			target = 40B00AC62ACC9E51001FF3E3 /* imkosulnikovaPW1 */;
			targetProxy = 40B00AE82ACC9E52001FF3E3 /* PBXContainerItemProxy */;
		};
/* End PBXTargetDependency section */

/* Begin PBXVariantGroup section */
		40B00AD02ACC9E51001FF3E3 /* Main.storyboard */ = {
			isa = PBXVariantGroup;
			children = (
				40B00AD12ACC9E51001FF3E3 /* Base */,
			);
			name = Main.storyboard;
			sourceTree = "<group>";
		};
		40B00AD52ACC9E52001FF3E3 /* LaunchScreen.storyboard */ = {
			isa = PBXVariantGroup;
			children = (
				40B00AD62ACC9E52001FF3E3 /* Base */,
			);
			name = LaunchScreen.storyboard;
			sourceTree = "<group>";
		};
/* End PBXVariantGroup section */

/* Begin XCBuildConfiguration section */
		40B00AEF2ACC9E52001FF3E3 /* Debug */ = {
			isa = XCBuildConfiguration;
			buildSettings = {
				ALWAYS_SEARCH_USER_PATHS = NO;
				ASSETCATALOG_COMPILER_GENERATE_SWIFT_ASSET_SYMBOL_EXTENSIONS = YES;
				CLANG_ANALYZER_NONNULL = YES;
				CLANG_ANALYZER_NUMBER_OBJECT_CONVERSION = YES_AGGRESSIVE;
				CLANG_CXX_LANGUAGE_STANDARD = "gnu++20";
				CLANG_ENABLE_MODULES = YES;
				CLANG_ENABLE_OBJC_ARC = YES;
				CLANG_ENABLE_OBJC_WEAK = YES;
				CLANG_WARN_BLOCK_CAPTURE_AUTORELEASING = YES;
				CLANG_WARN_BOOL_CONVERSION = YES;
				CLANG_WARN_COMMA = YES;
				CLANG_WARN_CONSTANT_CONVERSION = YES;
				CLANG_WARN_DEPRECATED_OBJC_IMPLEMENTATIONS = YES;
				CLANG_WARN_DIRECT_OBJC_ISA_USAGE = YES_ERROR;
				CLANG_WARN_DOCUMENTATION_COMMENTS = YES;
				CLANG_WARN_EMPTY_BODY = YES;
				CLANG_WARN_ENUM_CONVERSION = YES;
				CLANG_WARN_INFINITE_RECURSION = YES;
				CLANG_WARN_INT_CONVERSION = YES;
				CLANG_WARN_NON_LITERAL_NULL_CONVERSION = YES;
				CLANG_WARN_OBJC_IMPLICIT_RETAIN_SELF = YES;
				CLANG_WARN_OBJC_LITERAL_CONVERSION = YES;
				CLANG_WARN_OBJC_ROOT_CLASS = YES_ERROR;
				CLANG_WARN_QUOTED_INCLUDE_IN_FRAMEWORK_HEADER = YES;
				CLANG_WARN_RANGE_LOOP_ANALYSIS = YES;
				CLANG_WARN_STRICT_PROTOTYPES = YES;
				CLANG_WARN_SUSPICIOUS_MOVE = YES;
				CLANG_WARN_UNGUARDED_AVAILABILITY = YES_AGGRESSIVE;
				CLANG_WARN_UNREACHABLE_CODE = YES;
				CLANG_WARN__DUPLICATE_METHOD_MATCH = YES;
				COPY_PHASE_STRIP = NO;
				DEBUG_INFORMATION_FORMAT = dwarf;
				ENABLE_STRICT_OBJC_MSGSEND = YES;
				ENABLE_TESTABILITY = YES;
				ENABLE_USER_SCRIPT_SANDBOXING = YES;
				GCC_C_LANGUAGE_STANDARD = gnu17;
				GCC_DYNAMIC_NO_PIC = NO;
				GCC_NO_COMMON_BLOCKS = YES;
				GCC_OPTIMIZATION_LEVEL = 0;
				GCC_PREPROCESSOR_DEFINITIONS = (
					"DEBUG=1",
					"$(inherited)",
				);
				GCC_WARN_64_TO_32_BIT_CONVERSION = YES;
				GCC_WARN_ABOUT_RETURN_TYPE = YES_ERROR;
				GCC_WARN_UNDECLARED_SELECTOR = YES;
				GCC_WARN_UNINITIALIZED_AUTOS = YES_AGGRESSIVE;
				GCC_WARN_UNUSED_FUNCTION = YES;
				GCC_WARN_UNUSED_VARIABLE = YES;
				IPHONEOS_DEPLOYMENT_TARGET = 17.0;
				LOCALIZATION_PREFERS_STRING_CATALOGS = YES;
				MTL_ENABLE_DEBUG_INFO = INCLUDE_SOURCE;
				MTL_FAST_MATH = YES;
				ONLY_ACTIVE_ARCH = YES;
				SDKROOT = iphoneos;
				SWIFT_ACTIVE_COMPILATION_CONDITIONS = "DEBUG $(inherited)";
				SWIFT_OPTIMIZATION_LEVEL = "-Onone";
			};
			name = Debug;
		};
		40B00AF02ACC9E52001FF3E3 /* Release */ = {
			isa = XCBuildConfiguration;
			buildSettings = {
				ALWAYS_SEARCH_USER_PATHS = NO;
				ASSETCATALOG_COMPILER_GENERATE_SWIFT_ASSET_SYMBOL_EXTENSIONS = YES;
				CLANG_ANALYZER_NONNULL = YES;
				CLANG_ANALYZER_NUMBER_OBJECT_CONVERSION = YES_AGGRESSIVE;
				CLANG_CXX_LANGUAGE_STANDARD = "gnu++20";
				CLANG_ENABLE_MODULES = YES;
				CLANG_ENABLE_OBJC_ARC = YES;
				CLANG_ENABLE_OBJC_WEAK = YES;
				CLANG_WARN_BLOCK_CAPTURE_AUTORELEASING = YES;
				CLANG_WARN_BOOL_CONVERSION = YES;
				CLANG_WARN_COMMA = YES;
				CLANG_WARN_CONSTANT_CONVERSION = YES;
				CLANG_WARN_DEPRECATED_OBJC_IMPLEMENTATIONS = YES;
				CLANG_WARN_DIRECT_OBJC_ISA_USAGE = YES_ERROR;
				CLANG_WARN_DOCUMENTATION_COMMENTS = YES;
				CLANG_WARN_EMPTY_BODY = YES;
				CLANG_WARN_ENUM_CONVERSION = YES;
				CLANG_WARN_INFINITE_RECURSION = YES;
				CLANG_WARN_INT_CONVERSION = YES;
				CLANG_WARN_NON_LITERAL_NULL_CONVERSION = YES;
				CLANG_WARN_OBJC_IMPLICIT_RETAIN_SELF = YES;
				CLANG_WARN_OBJC_LITERAL_CONVERSION = YES;
				CLANG_WARN_OBJC_ROOT_CLASS = YES_ERROR;
				CLANG_WARN_QUOTED_INCLUDE_IN_FRAMEWORK_HEADER = YES;
				CLANG_WARN_RANGE_LOOP_ANALYSIS = YES;
				CLANG_WARN_STRICT_PROTOTYPES = YES;
				CLANG_WARN_SUSPICIOUS_MOVE = YES;
				CLANG_WARN_UNGUARDED_AVAILABILITY = YES_AGGRESSIVE;
				CLANG_WARN_UNREACHABLE_CODE = YES;
				CLANG_WARN__DUPLICATE_METHOD_MATCH = YES;
				COPY_PHASE_STRIP = NO;
				DEBUG_INFORMATION_FORMAT = "dwarf-with-dsym";
				ENABLE_NS_ASSERTIONS = NO;
				ENABLE_STRICT_OBJC_MSGSEND = YES;
				ENABLE_USER_SCRIPT_SANDBOXING = YES;
				GCC_C_LANGUAGE_STANDARD = gnu17;
				GCC_NO_COMMON_BLOCKS = YES;
				GCC_WARN_64_TO_32_BIT_CONVERSION = YES;
				GCC_WARN_ABOUT_RETURN_TYPE = YES_ERROR;
				GCC_WARN_UNDECLARED_SELECTOR = YES;
				GCC_WARN_UNINITIALIZED_AUTOS = YES_AGGRESSIVE;
				GCC_WARN_UNUSED_FUNCTION = YES;
				GCC_WARN_UNUSED_VARIABLE = YES;
				IPHONEOS_DEPLOYMENT_TARGET = 17.0;
				LOCALIZATION_PREFERS_STRING_CATALOGS = YES;
				MTL_ENABLE_DEBUG_INFO = NO;
				MTL_FAST_MATH = YES;
				SDKROOT = iphoneos;
				SWIFT_COMPILATION_MODE = wholemodule;
				VALIDATE_PRODUCT = YES;
			};
			name = Release;
		};
		40B00AF22ACC9E52001FF3E3 /* Debug */ = {
			isa = XCBuildConfiguration;
			buildSettings = {
				ASSETCATALOG_COMPILER_APPICON_NAME = AppIcon;
				ASSETCATALOG_COMPILER_GLOBAL_ACCENT_COLOR_NAME = AccentColor;
				CODE_SIGN_STYLE = Automatic;
				CURRENT_PROJECT_VERSION = 1;
				GENERATE_INFOPLIST_FILE = YES;
				INFOPLIST_FILE = imkosulnikovaPW1/Info.plist;
				INFOPLIST_KEY_UIApplicationSupportsIndirectInputEvents = YES;
				INFOPLIST_KEY_UILaunchStoryboardName = LaunchScreen;
				INFOPLIST_KEY_UIMainStoryboardFile = Main;
				INFOPLIST_KEY_UISupportedInterfaceOrientations_iPad = "UIInterfaceOrientationPortrait UIInterfaceOrientationPortraitUpsideDown UIInterfaceOrientationLandscapeLeft UIInterfaceOrientationLandscapeRight";
				INFOPLIST_KEY_UISupportedInterfaceOrientations_iPhone = "UIInterfaceOrientationPortrait UIInterfaceOrientationLandscapeLeft UIInterfaceOrientationLandscapeRight";
				LD_RUNPATH_SEARCH_PATHS = (
					"$(inherited)",
					"@executable_path/Frameworks",
				);
				MARKETING_VERSION = 1.0;
				PRODUCT_BUNDLE_IDENTIFIER = ru.hse.imkosulnikovaPW1;
				PRODUCT_NAME = "$(TARGET_NAME)";
				SWIFT_EMIT_LOC_STRINGS = YES;
				SWIFT_VERSION = 5.0;
				TARGETED_DEVICE_FAMILY = "1,2";
			};
			name = Debug;
		};
		40B00AF32ACC9E52001FF3E3 /* Release */ = {
			isa = XCBuildConfiguration;
			buildSettings = {
				ASSETCATALOG_COMPILER_APPICON_NAME = AppIcon;
				ASSETCATALOG_COMPILER_GLOBAL_ACCENT_COLOR_NAME = AccentColor;
				CODE_SIGN_STYLE = Automatic;
				CURRENT_PROJECT_VERSION = 1;
				GENERATE_INFOPLIST_FILE = YES;
				INFOPLIST_FILE = imkosulnikovaPW1/Info.plist;
				INFOPLIST_KEY_UIApplicationSupportsIndirectInputEvents = YES;
				INFOPLIST_KEY_UILaunchStoryboardName = LaunchScreen;
				INFOPLIST_KEY_UIMainStoryboardFile = Main;
				INFOPLIST_KEY_UISupportedInterfaceOrientations_iPad = "UIInterfaceOrientationPortrait UIInterfaceOrientationPortraitUpsideDown UIInterfaceOrientationLandscapeLeft UIInterfaceOrientationLandscapeRight";
				INFOPLIST_KEY_UISupportedInterfaceOrientations_iPhone = "UIInterfaceOrientationPortrait UIInterfaceOrientationLandscapeLeft UIInterfaceOrientationLandscapeRight";
				LD_RUNPATH_SEARCH_PATHS = (
					"$(inherited)",
					"@executable_path/Frameworks",
				);
				MARKETING_VERSION = 1.0;
				PRODUCT_BUNDLE_IDENTIFIER = ru.hse.imkosulnikovaPW1;
				PRODUCT_NAME = "$(TARGET_NAME)";
				SWIFT_EMIT_LOC_STRINGS = YES;
				SWIFT_VERSION = 5.0;
				TARGETED_DEVICE_FAMILY = "1,2";
			};
			name = Release;
		};
		40B00AF52ACC9E52001FF3E3 /* Debug */ = {
			isa = XCBuildConfiguration;
			buildSettings = {
				ALWAYS_EMBED_SWIFT_STANDARD_LIBRARIES = YES;
				BUNDLE_LOADER = "$(TEST_HOST)";
				CODE_SIGN_STYLE = Automatic;
				CURRENT_PROJECT_VERSION = 1;
				GENERATE_INFOPLIST_FILE = YES;
				IPHONEOS_DEPLOYMENT_TARGET = 17.0;
				MARKETING_VERSION = 1.0;
				PRODUCT_BUNDLE_IDENTIFIER = ru.hse.imkosulnikovaPW1Tests;
				PRODUCT_NAME = "$(TARGET_NAME)";
				SWIFT_EMIT_LOC_STRINGS = NO;
				SWIFT_VERSION = 5.0;
				TARGETED_DEVICE_FAMILY = "1,2";
				TEST_HOST = "$(BUILT_PRODUCTS_DIR)/imkosulnikovaPW1.app/$(BUNDLE_EXECUTABLE_FOLDER_PATH)/imkosulnikovaPW1";
			};
			name = Debug;
		};
		40B00AF62ACC9E52001FF3E3 /* Release */ = {
			isa = XCBuildConfiguration;
			buildSettings = {
				ALWAYS_EMBED_SWIFT_STANDARD_LIBRARIES = YES;
				BUNDLE_LOADER = "$(TEST_HOST)";
				CODE_SIGN_STYLE = Automatic;
				CURRENT_PROJECT_VERSION = 1;
				GENERATE_INFOPLIST_FILE = YES;
				IPHONEOS_DEPLOYMENT_TARGET = 17.0;
				MARKETING_VERSION = 1.0;
				PRODUCT_BUNDLE_IDENTIFIER = ru.hse.imkosulnikovaPW1Tests;
				PRODUCT_NAME = "$(TARGET_NAME)";
				SWIFT_EMIT_LOC_STRINGS = NO;
				SWIFT_VERSION = 5.0;
				TARGETED_DEVICE_FAMILY = "1,2";
				TEST_HOST = "$(BUILT_PRODUCTS_DIR)/imkosulnikovaPW1.app/$(BUNDLE_EXECUTABLE_FOLDER_PATH)/imkosulnikovaPW1";
			};
			name = Release;
		};
		40B00AF82ACC9E52001FF3E3 /* Debug */ = {
			isa = XCBuildConfiguration;
			buildSettings = {
				ALWAYS_EMBED_SWIFT_STANDARD_LIBRARIES = YES;
				CODE_SIGN_STYLE = Automatic;
				CURRENT_PROJECT_VERSION = 1;
				GENERATE_INFOPLIST_FILE = YES;
				MARKETING_VERSION = 1.0;
				PRODUCT_BUNDLE_IDENTIFIER = ru.hse.imkosulnikovaPW1UITests;
				PRODUCT_NAME = "$(TARGET_NAME)";
				SWIFT_EMIT_LOC_STRINGS = NO;
				SWIFT_VERSION = 5.0;
				TARGETED_DEVICE_FAMILY = "1,2";
				TEST_TARGET_NAME = imkosulnikovaPW1;
			};
			name = Debug;
		};
		40B00AF92ACC9E52001FF3E3 /* Release */ = {
			isa = XCBuildConfiguration;
			buildSettings = {
				ALWAYS_EMBED_SWIFT_STANDARD_LIBRARIES = YES;
				CODE_SIGN_STYLE = Automatic;
				CURRENT_PROJECT_VERSION = 1;
				GENERATE_INFOPLIST_FILE = YES;
				MARKETING_VERSION = 1.0;
				PRODUCT_BUNDLE_IDENTIFIER = ru.hse.imkosulnikovaPW1UITests;
				PRODUCT_NAME = "$(TARGET_NAME)";
				SWIFT_EMIT_LOC_STRINGS = NO;
				SWIFT_VERSION = 5.0;
				TARGETED_DEVICE_FAMILY = "1,2";
				TEST_TARGET_NAME = imkosulnikovaPW1;
			};
			name = Release;
		};
/* End XCBuildConfiguration section */

/* Begin XCConfigurationList section */
		40B00AC22ACC9E51001FF3E3 /* Build configuration list for PBXProject "imkosulnikovaPW1" */ = {
			isa = XCConfigurationList;
			buildConfigurations = (
				40B00AEF2ACC9E52001FF3E3 /* Debug */,
				40B00AF02ACC9E52001FF3E3 /* Release */,
			);
			defaultConfigurationIsVisible = 0;
			defaultConfigurationName = Release;
		};
		40B00AF12ACC9E52001FF3E3 /* Build configuration list for PBXNativeTarget "imkosulnikovaPW1" */ = {
			isa = XCConfigurationList;
			buildConfigurations = (
				40B00AF22ACC9E52001FF3E3 /* Debug */,
				40B00AF32ACC9E52001FF3E3 /* Release */,
			);
			defaultConfigurationIsVisible = 0;
			defaultConfigurationName = Release;
		};
		40B00AF42ACC9E52001FF3E3 /* Build configuration list for PBXNativeTarget "imkosulnikovaPW1Tests" */ = {
			isa = XCConfigurationList;
			buildConfigurations = (
				40B00AF52ACC9E52001FF3E3 /* Debug */,
				40B00AF62ACC9E52001FF3E3 /* Release */,
			);
			defaultConfigurationIsVisible = 0;
			defaultConfigurationName = Release;
		};
		40B00AF72ACC9E52001FF3E3 /* Build configuration list for PBXNativeTarget "imkosulnikovaPW1UITests" */ = {
			isa = XCConfigurationList;
			buildConfigurations = (
				40B00AF82ACC9E52001FF3E3 /* Debug */,
				40B00AF92ACC9E52001FF3E3 /* Release */,
			);
			defaultConfigurationIsVisible = 0;
			defaultConfigurationName = Release;
		};
/* End XCConfigurationList section */
	};
	rootObject = 40B00ABF2ACC9E51001FF3E3 /* Project object */;
}
